// !$*UTF8*$!
{
	archiveVersion = 1;
	classes = {
	};
	objectVersion = 46;
	objects = {

/* Begin PBXBuildFile section */
		415C043B1D69E3A6008572B4 /* Either.swift in Sources */ = {isa = PBXBuildFile; fileRef = 415C043A1D69E3A6008572B4 /* Either.swift */; };
		415C043D1D6A16AD008572B4 /* Examples.swift in Sources */ = {isa = PBXBuildFile; fileRef = 415C043C1D6A16AD008572B4 /* Examples.swift */; };
		41955C2C1D64B9370028AD3B /* main.swift in Sources */ = {isa = PBXBuildFile; fileRef = 41955C2B1D64B9370028AD3B /* main.swift */; };
		41955C331D64B98D0028AD3B /* Model.swift in Sources */ = {isa = PBXBuildFile; fileRef = 41955C321D64B98D0028AD3B /* Model.swift */; };
		41955C351D64FD570028AD3B /* Array1.swift in Sources */ = {isa = PBXBuildFile; fileRef = 41955C341D64FD570028AD3B /* Array1.swift */; };
		41955C371D6505DC0028AD3B /* CodeGenerator.swift in Sources */ = {isa = PBXBuildFile; fileRef = 41955C361D6505DC0028AD3B /* CodeGenerator.swift */; };
		41955C391D65F6600028AD3B /* CodeGeneratorFail.swift in Sources */ = {isa = PBXBuildFile; fileRef = 41955C381D65F6600028AD3B /* CodeGeneratorFail.swift */; };
		41955C3B1D6634C10028AD3B /* LiteralConvertible.swift in Sources */ = {isa = PBXBuildFile; fileRef = 41955C3A1D6634C10028AD3B /* LiteralConvertible.swift */; };
/* End PBXBuildFile section */

/* Begin PBXCopyFilesBuildPhase section */
		41955C261D64B9370028AD3B /* CopyFiles */ = {
			isa = PBXCopyFilesBuildPhase;
			buildActionMask = 2147483647;
			dstPath = /usr/share/man/man1/;
			dstSubfolderSpec = 0;
			files = (
			);
			runOnlyForDeploymentPostprocessing = 1;
		};
/* End PBXCopyFilesBuildPhase section */

/* Begin PBXFileReference section */
		415C043A1D69E3A6008572B4 /* Either.swift */ = {isa = PBXFileReference; fileEncoding = 4; lastKnownFileType = sourcecode.swift; path = Either.swift; sourceTree = "<group>"; };
		415C043C1D6A16AD008572B4 /* Examples.swift */ = {isa = PBXFileReference; fileEncoding = 4; lastKnownFileType = sourcecode.swift; path = Examples.swift; sourceTree = "<group>"; };
		41955C281D64B9370028AD3B /* GrafQuill */ = {isa = PBXFileReference; explicitFileType = "compiled.mach-o.executable"; includeInIndex = 0; path = GrafQuill; sourceTree = BUILT_PRODUCTS_DIR; };
		41955C2B1D64B9370028AD3B /* main.swift */ = {isa = PBXFileReference; lastKnownFileType = sourcecode.swift; path = main.swift; sourceTree = "<group>"; };
		41955C321D64B98D0028AD3B /* Model.swift */ = {isa = PBXFileReference; fileEncoding = 4; lastKnownFileType = sourcecode.swift; path = Model.swift; sourceTree = "<group>"; };
		41955C341D64FD570028AD3B /* Array1.swift */ = {isa = PBXFileReference; fileEncoding = 4; lastKnownFileType = sourcecode.swift; path = Array1.swift; sourceTree = "<group>"; };
		41955C361D6505DC0028AD3B /* CodeGenerator.swift */ = {isa = PBXFileReference; fileEncoding = 4; lastKnownFileType = sourcecode.swift; path = CodeGenerator.swift; sourceTree = "<group>"; };
		41955C381D65F6600028AD3B /* CodeGeneratorFail.swift */ = {isa = PBXFileReference; fileEncoding = 4; lastKnownFileType = sourcecode.swift; path = CodeGeneratorFail.swift; sourceTree = "<group>"; };
		41955C3A1D6634C10028AD3B /* LiteralConvertible.swift */ = {isa = PBXFileReference; fileEncoding = 4; lastKnownFileType = sourcecode.swift; path = LiteralConvertible.swift; sourceTree = "<group>"; };
/* End PBXFileReference section */

/* Begin PBXFrameworksBuildPhase section */
		41955C251D64B9370028AD3B /* Frameworks */ = {
			isa = PBXFrameworksBuildPhase;
			buildActionMask = 2147483647;
			files = (
			);
			runOnlyForDeploymentPostprocessing = 0;
		};
/* End PBXFrameworksBuildPhase section */

/* Begin PBXGroup section */
		41955C1F1D64B9370028AD3B = {
			isa = PBXGroup;
			children = (
				41955C2A1D64B9370028AD3B /* GrafQuill */,
				41955C291D64B9370028AD3B /* Products */,
			);
			sourceTree = "<group>";
		};
		41955C291D64B9370028AD3B /* Products */ = {
			isa = PBXGroup;
			children = (
				41955C281D64B9370028AD3B /* GrafQuill */,
			);
			name = Products;
			sourceTree = "<group>";
		};
		41955C2A1D64B9370028AD3B /* GrafQuill */ = {
			isa = PBXGroup;
			children = (
				41955C2B1D64B9370028AD3B /* main.swift */,
				41955C321D64B98D0028AD3B /* Model.swift */,
				41955C341D64FD570028AD3B /* Array1.swift */,
				41955C361D6505DC0028AD3B /* CodeGenerator.swift */,
				41955C381D65F6600028AD3B /* CodeGeneratorFail.swift */,
				41955C3A1D6634C10028AD3B /* LiteralConvertible.swift */,
				415C043A1D69E3A6008572B4 /* Either.swift */,
				415C043C1D6A16AD008572B4 /* Examples.swift */,
			);
			path = GrafQuill;
			sourceTree = "<group>";
		};
/* End PBXGroup section */

/* Begin PBXNativeTarget section */
		41955C271D64B9370028AD3B /* GrafQuill */ = {
			isa = PBXNativeTarget;
			buildConfigurationList = 41955C2F1D64B9370028AD3B /* Build configuration list for PBXNativeTarget "GrafQuill" */;
			buildPhases = (
				41955C241D64B9370028AD3B /* Sources */,
				41955C251D64B9370028AD3B /* Frameworks */,
				41955C261D64B9370028AD3B /* CopyFiles */,
			);
			buildRules = (
			);
			dependencies = (
			);
			name = GrafQuill;
			productName = GrafQuill;
			productReference = 41955C281D64B9370028AD3B /* GrafQuill */;
			productType = "com.apple.product-type.tool";
		};
/* End PBXNativeTarget section */

/* Begin PBXProject section */
		41955C201D64B9370028AD3B /* Project object */ = {
			isa = PBXProject;
			attributes = {
				LastSwiftUpdateCheck = 0730;
				LastUpgradeCheck = 0730;
				ORGANIZATIONNAME = mf;
				TargetAttributes = {
					41955C271D64B9370028AD3B = {
						CreatedOnToolsVersion = 7.3.1;
					};
				};
			};
			buildConfigurationList = 41955C231D64B9370028AD3B /* Build configuration list for PBXProject "GrafQuill" */;
			compatibilityVersion = "Xcode 3.2";
			developmentRegion = English;
			hasScannedForEncodings = 0;
			knownRegions = (
				en,
			);
			mainGroup = 41955C1F1D64B9370028AD3B;
			productRefGroup = 41955C291D64B9370028AD3B /* Products */;
			projectDirPath = "";
			projectRoot = "";
			targets = (
				41955C271D64B9370028AD3B /* GrafQuill */,
			);
		};
/* End PBXProject section */

/* Begin PBXSourcesBuildPhase section */
		41955C241D64B9370028AD3B /* Sources */ = {
			isa = PBXSourcesBuildPhase;
			buildActionMask = 2147483647;
			files = (
				415C043D1D6A16AD008572B4 /* Examples.swift in Sources */,
				415C043B1D69E3A6008572B4 /* Either.swift in Sources */,
				41955C371D6505DC0028AD3B /* CodeGenerator.swift in Sources */,
				41955C2C1D64B9370028AD3B /* main.swift in Sources */,
				41955C351D64FD570028AD3B /* Array1.swift in Sources */,
				41955C331D64B98D0028AD3B /* Model.swift in Sources */,
				41955C391D65F6600028AD3B /* CodeGeneratorFail.swift in Sources */,
				41955C3B1D6634C10028AD3B /* LiteralConvertible.swift in Sources */,
			);
			runOnlyForDeploymentPostprocessing = 0;
		};
/* End PBXSourcesBuildPhase section */

/* Begin XCBuildConfiguration section */
		41955C2D1D64B9370028AD3B /* Debug */ = {
			isa = XCBuildConfiguration;
			buildSettings = {
				ALWAYS_SEARCH_USER_PATHS = NO;
				CLANG_ANALYZER_NONNULL = YES;
				CLANG_CXX_LANGUAGE_STANDARD = "gnu++0x";
				CLANG_CXX_LIBRARY = "libc++";
				CLANG_ENABLE_MODULES = YES;
				CLANG_ENABLE_OBJC_ARC = YES;
				CLANG_WARN_BOOL_CONVERSION = YES;
				CLANG_WARN_CONSTANT_CONVERSION = YES;
				CLANG_WARN_DIRECT_OBJC_ISA_USAGE = YES_ERROR;
				CLANG_WARN_EMPTY_BODY = YES;
				CLANG_WARN_ENUM_CONVERSION = YES;
				CLANG_WARN_INT_CONVERSION = YES;
				CLANG_WARN_OBJC_ROOT_CLASS = YES_ERROR;
				CLANG_WARN_UNREACHABLE_CODE = YES;
				CLANG_WARN__DUPLICATE_METHOD_MATCH = YES;
				CODE_SIGN_IDENTITY = "-";
				COPY_PHASE_STRIP = NO;
				DEBUG_INFORMATION_FORMAT = dwarf;
				ENABLE_STRICT_OBJC_MSGSEND = YES;
				ENABLE_TESTABILITY = YES;
				GCC_C_LANGUAGE_STANDARD = gnu99;
				GCC_DYNAMIC_NO_PIC = NO;
				GCC_NO_COMMON_BLOCKS = YES;
				GCC_OPTIMIZATION_LEVEL = 0;
				GCC_PREPROCESSOR_DEFINITIONS = (
					"DEBUG=1",
					"$(inherited)",
				);
				GCC_WARN_64_TO_32_BIT_CONVERSION = YES;
				GCC_WARN_ABOUT_RETURN_TYPE = YES_ERROR;
				GCC_WARN_UNDECLARED_SELECTOR = YES;
				GCC_WARN_UNINITIALIZED_AUTOS = YES_AGGRESSIVE;
				GCC_WARN_UNUSED_FUNCTION = YES;
				GCC_WARN_UNUSED_VARIABLE = YES;
				MACOSX_DEPLOYMENT_TARGET = 10.11;
				MTL_ENABLE_DEBUG_INFO = YES;
				ONLY_ACTIVE_ARCH = YES;
				SDKROOT = macosx;
				SWIFT_OPTIMIZATION_LEVEL = "-Onone";
			};
			name = Debug;
		};
		41955C2E1D64B9370028AD3B /* Release */ = {
			isa = XCBuildConfiguration;
			buildSettings = {
				ALWAYS_SEARCH_USER_PATHS = NO;
				CLANG_ANALYZER_NONNULL = YES;
				CLANG_CXX_LANGUAGE_STANDARD = "gnu++0x";
				CLANG_CXX_LIBRARY = "libc++";
				CLANG_ENABLE_MODULES = YES;
				CLANG_ENABLE_OBJC_ARC = YES;
				CLANG_WARN_BOOL_CONVERSION = YES;
				CLANG_WARN_CONSTANT_CONVERSION = YES;
				CLANG_WARN_DIRECT_OBJC_ISA_USAGE = YES_ERROR;
				CLANG_WARN_EMPTY_BODY = YES;
				CLANG_WARN_ENUM_CONVERSION = YES;
				CLANG_WARN_INT_CONVERSION = YES;
				CLANG_WARN_OBJC_ROOT_CLASS = YES_ERROR;
				CLANG_WARN_UNREACHABLE_CODE = YES;
				CLANG_WARN__DUPLICATE_METHOD_MATCH = YES;
				CODE_SIGN_IDENTITY = "-";
				COPY_PHASE_STRIP = NO;
				DEBUG_INFORMATION_FORMAT = "dwarf-with-dsym";
				ENABLE_NS_ASSERTIONS = NO;
				ENABLE_STRICT_OBJC_MSGSEND = YES;
				GCC_C_LANGUAGE_STANDARD = gnu99;
				GCC_NO_COMMON_BLOCKS = YES;
				GCC_WARN_64_TO_32_BIT_CONVERSION = YES;
				GCC_WARN_ABOUT_RETURN_TYPE = YES_ERROR;
				GCC_WARN_UNDECLARED_SELECTOR = YES;
				GCC_WARN_UNINITIALIZED_AUTOS = YES_AGGRESSIVE;
				GCC_WARN_UNUSED_FUNCTION = YES;
				GCC_WARN_UNUSED_VARIABLE = YES;
				MACOSX_DEPLOYMENT_TARGET = 10.11;
				MTL_ENABLE_DEBUG_INFO = NO;
				SDKROOT = macosx;
			};
			name = Release;
		};
		41955C301D64B9370028AD3B /* Debug */ = {
			isa = XCBuildConfiguration;
			buildSettings = {
				PRODUCT_NAME = "$(TARGET_NAME)";
			};
			name = Debug;
		};
		41955C311D64B9370028AD3B /* Release */ = {
			isa = XCBuildConfiguration;
			buildSettings = {
				PRODUCT_NAME = "$(TARGET_NAME)";
			};
			name = Release;
		};
/* End XCBuildConfiguration section */

/* Begin XCConfigurationList section */
		41955C231D64B9370028AD3B /* Build configuration list for PBXProject "GrafQuill" */ = {
			isa = XCConfigurationList;
			buildConfigurations = (
				41955C2D1D64B9370028AD3B /* Debug */,
				41955C2E1D64B9370028AD3B /* Release */,
			);
			defaultConfigurationIsVisible = 0;
			defaultConfigurationName = Release;
		};
		41955C2F1D64B9370028AD3B /* Build configuration list for PBXNativeTarget "GrafQuill" */ = {
			isa = XCConfigurationList;
			buildConfigurations = (
				41955C301D64B9370028AD3B /* Debug */,
				41955C311D64B9370028AD3B /* Release */,
			);
			defaultConfigurationIsVisible = 0;
			defaultConfigurationName = Release;
		};
/* End XCConfigurationList section */
	};
	rootObject = 41955C201D64B9370028AD3B /* Project object */;
}
